
Microsoft Visual Studio Solution File, Format Version 12.00
# Visual Studio 15
VisualStudioVersion = 15.0.28307.106
MinimumVisualStudioVersion = 10.0.40219.1
Project("{9A19103F-16F7-4668-BE54-9A1E7A4F7556}") = "ImageUpload", "ImageUpload\ImageUpload.csproj", "{19F1FC07-43F7-4EB6-A57E-59C3524341A3}"
EndProject
Project("{9A19103F-16F7-4668-BE54-9A1E7A4F7556}") = "AzureLearning", "AzureLearning\AzureLearning.csproj", "{B494689E-2821-4C71-9C99-0359FF011FB9}"
EndProject
Project("{E53339B2-1760-4266-BCC7-CA923CBCF16C}") = "docker-compose", "docker-compose.dcproj", "{0B2371EC-EBFC-4950-A071-B267DC6C56B4}"
EndProject
Global
	GlobalSection(SolutionConfigurationPlatforms) = preSolution
		Debug|Any CPU = Debug|Any CPU
		Release|Any CPU = Release|Any CPU
	EndGlobalSection
	GlobalSection(ProjectConfigurationPlatforms) = postSolution
		{19F1FC07-43F7-4EB6-A57E-59C3524341A3}.Debug|Any CPU.ActiveCfg = Debug|Any CPU
		{19F1FC07-43F7-4EB6-A57E-59C3524341A3}.Debug|Any CPU.Build.0 = Debug|Any CPU
		{19F1FC07-43F7-4EB6-A57E-59C3524341A3}.Release|Any CPU.ActiveCfg = Release|Any CPU
		{19F1FC07-43F7-4EB6-A57E-59C3524341A3}.Release|Any CPU.Build.0 = Release|Any CPU
		{B494689E-2821-4C71-9C99-0359FF011FB9}.Debug|Any CPU.ActiveCfg = Debug|Any CPU
		{B494689E-2821-4C71-9C99-0359FF011FB9}.Debug|Any CPU.Build.0 = Debug|Any CPU
		{B494689E-2821-4C71-9C99-0359FF011FB9}.Release|Any CPU.ActiveCfg = Release|Any CPU
		{B494689E-2821-4C71-9C99-0359FF011FB9}.Release|Any CPU.Build.0 = Release|Any CPU
		{0B2371EC-EBFC-4950-A071-B267DC6C56B4}.Debug|Any CPU.ActiveCfg = Debug|Any CPU
		{0B2371EC-EBFC-4950-A071-B267DC6C56B4}.Debug|Any CPU.Build.0 = Debug|Any CPU
		{0B2371EC-EBFC-4950-A071-B267DC6C56B4}.Release|Any CPU.ActiveCfg = Release|Any CPU
		{0B2371EC-EBFC-4950-A071-B267DC6C56B4}.Release|Any CPU.Build.0 = Release|Any CPU
	EndGlobalSection
	GlobalSection(SolutionProperties) = preSolution
		HideSolutionNode = FALSE
	EndGlobalSection
	GlobalSection(ExtensibilityGlobals) = postSolution
		SolutionGuid = {D67EE915-20E0-4336-B77F-CF72FC62198A}
	EndGlobalSection
EndGlobal
